
Microsoft Visual Studio Solution File, Format Version 12.00
# Visual Studio Version 16
VisualStudioVersion = 16.0.30503.244
MinimumVisualStudioVersion = 10.0.40219.1
Project("{9A19103F-16F7-4668-BE54-9A1E7A4F7556}") = "CensusAnalyserProgram", "CensusAnalyser\CensusAnalyserProgram.csproj", "{D0951A98-790D-4A57-8DC3-02C806F86842}"
EndProject
Project("{FAE04EC0-301F-11D3-BF4B-00C04F79EFBC}") = "CensusAnalyserTest", "CensusAnalyserTest\CensusAnalyserTest.csproj", "{4B6F160E-B80C-4AE6-8CB4-E69CF4477B6D}"
EndProject
Global
	GlobalSection(SolutionConfigurationPlatforms) = preSolution
		Debug|Any CPU = Debug|Any CPU
		Release|Any CPU = Release|Any CPU
	EndGlobalSection
	GlobalSection(ProjectConfigurationPlatforms) = postSolution
		{D0951A98-790D-4A57-8DC3-02C806F86842}.Debug|Any CPU.ActiveCfg = Debug|Any CPU
		{D0951A98-790D-4A57-8DC3-02C806F86842}.Debug|Any CPU.Build.0 = Debug|Any CPU
		{D0951A98-790D-4A57-8DC3-02C806F86842}.Release|Any CPU.ActiveCfg = Release|Any CPU
		{D0951A98-790D-4A57-8DC3-02C806F86842}.Release|Any CPU.Build.0 = Release|Any CPU
		{4B6F160E-B80C-4AE6-8CB4-E69CF4477B6D}.Debug|Any CPU.ActiveCfg = Debug|Any CPU
		{4B6F160E-B80C-4AE6-8CB4-E69CF4477B6D}.Debug|Any CPU.Build.0 = Debug|Any CPU
		{4B6F160E-B80C-4AE6-8CB4-E69CF4477B6D}.Release|Any CPU.ActiveCfg = Release|Any CPU
		{4B6F160E-B80C-4AE6-8CB4-E69CF4477B6D}.Release|Any CPU.Build.0 = Release|Any CPU
	EndGlobalSection
	GlobalSection(SolutionProperties) = preSolution
		HideSolutionNode = FALSE
	EndGlobalSection
	GlobalSection(ExtensibilityGlobals) = postSolution
		SolutionGuid = {E4C2644E-429A-4B0C-A8C2-E6499E3D9107}
	EndGlobalSection
EndGlobal
